# This file is automatically @generated by Cargo.
# It is not intended for manual editing.
[[package]]
name = "blip"
version = "0.1.0"
dependencies = [
 "openfile",
]

[[package]]
name = "openfile"
version = "1.1.0"
source = "registry+https://github.com/rust-lang/crates.io-index"
checksum = "b9ded57137a71a8be227ef237f86c4381da0268ed621b203573a1c442e662313"
